
Microsoft Visual Studio Solution File, Format Version 12.00
# Visual Studio Version 16
VisualStudioVersion = 16.0.31112.23
MinimumVisualStudioVersion = 10.0.40219.1
Project("{FAE04EC0-301F-11D3-BF4B-00C04F79EFBC}") = "FMU Test", "FMU Test\FMU Test.csproj", "{1830BCD6-2F1F-4F14-8ACC-2C5BF902447D}"
EndProject
Global
	GlobalSection(SolutionConfigurationPlatforms) = preSolution
		Debug|Any CPU = Debug|Any CPU
		Release|Any CPU = Release|Any CPU
	EndGlobalSection
	GlobalSection(ProjectConfigurationPlatforms) = postSolution
		{1830BCD6-2F1F-4F14-8ACC-2C5BF902447D}.Debug|Any CPU.ActiveCfg = Debug|Any CPU
		{1830BCD6-2F1F-4F14-8ACC-2C5BF902447D}.Debug|Any CPU.Build.0 = Debug|Any CPU
		{1830BCD6-2F1F-4F14-8ACC-2C5BF902447D}.Release|Any CPU.ActiveCfg = Release|Any CPU
		{1830BCD6-2F1F-4F14-8ACC-2C5BF902447D}.Release|Any CPU.Build.0 = Release|Any CPU
	EndGlobalSection
	GlobalSection(SolutionProperties) = preSolution
		HideSolutionNode = FALSE
	EndGlobalSection
	GlobalSection(ExtensibilityGlobals) = postSolution
		SolutionGuid = {CB6730CB-F285-44AA-B9B3-64FE5AF217A4}
	EndGlobalSection
EndGlobal
